
Microsoft Visual Studio Solution File, Format Version 12.00
# Visual Studio Version 17
VisualStudioVersion = 17.10.35027.167
MinimumVisualStudioVersion = 10.0.40219.1
Project("{9A19103F-16F7-4668-BE54-9A1E7A4F7556}") = "SingletonVault", "SingletonVault\SingletonVault.csproj", "{D1A1DA6F-DF7B-4C02-8A79-7F859FC52667}"
EndProject
Project("{9A19103F-16F7-4668-BE54-9A1E7A4F7556}") = "Factory", "Factory\Factory.csproj", "{1BA2A65B-CCB1-4B47-AD38-4E9666CC051E}"
EndProject
Project("{9A19103F-16F7-4668-BE54-9A1E7A4F7556}") = "Builder", "Builder\Builder.csproj", "{AF26A555-634D-42DB-9D18-F55573E9350B}"
EndProject
Project("{9A19103F-16F7-4668-BE54-9A1E7A4F7556}") = "LongParameterList", "LongParameterList\LongParameterList.csproj", "{A90B0C14-882D-42B0-AC80-23D97FCF84FA}"
EndProject
Project("{9A19103F-16F7-4668-BE54-9A1E7A4F7556}") = "DuplicatedCode", "DuplicatedCode\DuplicatedCode.csproj", "{5676F181-80C4-4429-9EDE-EB874324199F}"
EndProject
Project("{9A19103F-16F7-4668-BE54-9A1E7A4F7556}") = "MessageChains", "MessageChains\MessageChains.csproj", "{82D233A1-81E4-4226-A433-6792EA8D7032}"
EndProject
Project("{9A19103F-16F7-4668-BE54-9A1E7A4F7556}") = "RefusedBequest", "RefusedBequest\RefusedBequest.csproj", "{85732D44-486F-4FE7-A413-8A4BBD7D5185}"
EndProject
Project("{9A19103F-16F7-4668-BE54-9A1E7A4F7556}") = "TemporaryField", "TemporaryField\TemporaryField.csproj", "{7BD65F9B-216D-4E99-94C9-4B984CED42B8}"
EndProject
Project("{9A19103F-16F7-4668-BE54-9A1E7A4F7556}") = "DataClumps", "DataClumps\DataClumps.csproj", "{C264998B-21F6-480E-9E25-E9BADBB7F888}"
EndProject
Project("{9A19103F-16F7-4668-BE54-9A1E7A4F7556}") = "Prototype", "Prototype\Prototype.csproj", "{FF99F88F-CBD6-433F-91ED-FBBC94C841D4}"
EndProject
Project("{FAE04EC0-301F-11D3-BF4B-00C04F79EFBC}") = "Facade", "Facade\Facade.csproj", "{E7916A34-6EA9-4FE6-A9E6-0D80102F80AD}"
EndProject
Global
	GlobalSection(SolutionConfigurationPlatforms) = preSolution
		Debug|Any CPU = Debug|Any CPU
		Release|Any CPU = Release|Any CPU
	EndGlobalSection
	GlobalSection(ProjectConfigurationPlatforms) = postSolution
		{D1A1DA6F-DF7B-4C02-8A79-7F859FC52667}.Debug|Any CPU.ActiveCfg = Debug|Any CPU
		{D1A1DA6F-DF7B-4C02-8A79-7F859FC52667}.Debug|Any CPU.Build.0 = Debug|Any CPU
		{D1A1DA6F-DF7B-4C02-8A79-7F859FC52667}.Release|Any CPU.ActiveCfg = Release|Any CPU
		{D1A1DA6F-DF7B-4C02-8A79-7F859FC52667}.Release|Any CPU.Build.0 = Release|Any CPU
		{1BA2A65B-CCB1-4B47-AD38-4E9666CC051E}.Debug|Any CPU.ActiveCfg = Debug|Any CPU
		{1BA2A65B-CCB1-4B47-AD38-4E9666CC051E}.Debug|Any CPU.Build.0 = Debug|Any CPU
		{1BA2A65B-CCB1-4B47-AD38-4E9666CC051E}.Release|Any CPU.ActiveCfg = Release|Any CPU
		{1BA2A65B-CCB1-4B47-AD38-4E9666CC051E}.Release|Any CPU.Build.0 = Release|Any CPU
		{AF26A555-634D-42DB-9D18-F55573E9350B}.Debug|Any CPU.ActiveCfg = Debug|Any CPU
		{AF26A555-634D-42DB-9D18-F55573E9350B}.Debug|Any CPU.Build.0 = Debug|Any CPU
		{AF26A555-634D-42DB-9D18-F55573E9350B}.Release|Any CPU.ActiveCfg = Release|Any CPU
		{AF26A555-634D-42DB-9D18-F55573E9350B}.Release|Any CPU.Build.0 = Release|Any CPU
		{A90B0C14-882D-42B0-AC80-23D97FCF84FA}.Debug|Any CPU.ActiveCfg = Debug|Any CPU
		{A90B0C14-882D-42B0-AC80-23D97FCF84FA}.Debug|Any CPU.Build.0 = Debug|Any CPU
		{A90B0C14-882D-42B0-AC80-23D97FCF84FA}.Release|Any CPU.ActiveCfg = Release|Any CPU
		{A90B0C14-882D-42B0-AC80-23D97FCF84FA}.Release|Any CPU.Build.0 = Release|Any CPU
		{5676F181-80C4-4429-9EDE-EB874324199F}.Debug|Any CPU.ActiveCfg = Debug|Any CPU
		{5676F181-80C4-4429-9EDE-EB874324199F}.Debug|Any CPU.Build.0 = Debug|Any CPU
		{5676F181-80C4-4429-9EDE-EB874324199F}.Release|Any CPU.ActiveCfg = Release|Any CPU
		{5676F181-80C4-4429-9EDE-EB874324199F}.Release|Any CPU.Build.0 = Release|Any CPU
		{82D233A1-81E4-4226-A433-6792EA8D7032}.Debug|Any CPU.ActiveCfg = Debug|Any CPU
		{82D233A1-81E4-4226-A433-6792EA8D7032}.Debug|Any CPU.Build.0 = Debug|Any CPU
		{82D233A1-81E4-4226-A433-6792EA8D7032}.Release|Any CPU.ActiveCfg = Release|Any CPU
		{82D233A1-81E4-4226-A433-6792EA8D7032}.Release|Any CPU.Build.0 = Release|Any CPU
		{85732D44-486F-4FE7-A413-8A4BBD7D5185}.Debug|Any CPU.ActiveCfg = Debug|Any CPU
		{85732D44-486F-4FE7-A413-8A4BBD7D5185}.Debug|Any CPU.Build.0 = Debug|Any CPU
		{85732D44-486F-4FE7-A413-8A4BBD7D5185}.Release|Any CPU.ActiveCfg = Release|Any CPU
		{85732D44-486F-4FE7-A413-8A4BBD7D5185}.Release|Any CPU.Build.0 = Release|Any CPU
		{7BD65F9B-216D-4E99-94C9-4B984CED42B8}.Debug|Any CPU.ActiveCfg = Debug|Any CPU
		{7BD65F9B-216D-4E99-94C9-4B984CED42B8}.Debug|Any CPU.Build.0 = Debug|Any CPU
		{7BD65F9B-216D-4E99-94C9-4B984CED42B8}.Release|Any CPU.ActiveCfg = Release|Any CPU
		{7BD65F9B-216D-4E99-94C9-4B984CED42B8}.Release|Any CPU.Build.0 = Release|Any CPU
		{C264998B-21F6-480E-9E25-E9BADBB7F888}.Debug|Any CPU.ActiveCfg = Debug|Any CPU
		{C264998B-21F6-480E-9E25-E9BADBB7F888}.Debug|Any CPU.Build.0 = Debug|Any CPU
		{C264998B-21F6-480E-9E25-E9BADBB7F888}.Release|Any CPU.ActiveCfg = Release|Any CPU
		{C264998B-21F6-480E-9E25-E9BADBB7F888}.Release|Any CPU.Build.0 = Release|Any CPU
		{FF99F88F-CBD6-433F-91ED-FBBC94C841D4}.Debug|Any CPU.ActiveCfg = Debug|Any CPU
		{FF99F88F-CBD6-433F-91ED-FBBC94C841D4}.Debug|Any CPU.Build.0 = Debug|Any CPU
		{FF99F88F-CBD6-433F-91ED-FBBC94C841D4}.Release|Any CPU.ActiveCfg = Release|Any CPU
		{FF99F88F-CBD6-433F-91ED-FBBC94C841D4}.Release|Any CPU.Build.0 = Release|Any CPU
		{E7916A34-6EA9-4FE6-A9E6-0D80102F80AD}.Debug|Any CPU.ActiveCfg = Debug|Any CPU
		{E7916A34-6EA9-4FE6-A9E6-0D80102F80AD}.Debug|Any CPU.Build.0 = Debug|Any CPU
		{E7916A34-6EA9-4FE6-A9E6-0D80102F80AD}.Release|Any CPU.ActiveCfg = Release|Any CPU
		{E7916A34-6EA9-4FE6-A9E6-0D80102F80AD}.Release|Any CPU.Build.0 = Release|Any CPU
	EndGlobalSection
	GlobalSection(SolutionProperties) = preSolution
		HideSolutionNode = FALSE
	EndGlobalSection
	GlobalSection(ExtensibilityGlobals) = postSolution
		SolutionGuid = {758D96E3-2C61-4DA9-85FE-CFCAE9E6A4C8}
	EndGlobalSection
EndGlobal
