
Microsoft Visual Studio Solution File, Format Version 12.00
# Visual Studio Version 17
VisualStudioVersion = 17.10.35027.167
MinimumVisualStudioVersion = 10.0.40219.1
Project("{FAE04EC0-301F-11D3-BF4B-00C04F79EFBC}") = "SingletonVault", "SingletonVault\SingletonVault.csproj", "{D1A1DA6F-DF7B-4C02-8A79-7F859FC52667}"
EndProject
Project("{FAE04EC0-301F-11D3-BF4B-00C04F79EFBC}") = "Factory", "Factory\Factory.csproj", "{1BA2A65B-CCB1-4B47-AD38-4E9666CC051E}"
EndProject
Project("{FAE04EC0-301F-11D3-BF4B-00C04F79EFBC}") = "Builder", "Builder\Builder.csproj", "{AF26A555-634D-42DB-9D18-F55573E9350B}"
EndProject
Global
	GlobalSection(SolutionConfigurationPlatforms) = preSolution
		Debug|Any CPU = Debug|Any CPU
		Release|Any CPU = Release|Any CPU
	EndGlobalSection
	GlobalSection(ProjectConfigurationPlatforms) = postSolution
		{D1A1DA6F-DF7B-4C02-8A79-7F859FC52667}.Debug|Any CPU.ActiveCfg = Debug|Any CPU
		{D1A1DA6F-DF7B-4C02-8A79-7F859FC52667}.Debug|Any CPU.Build.0 = Debug|Any CPU
		{D1A1DA6F-DF7B-4C02-8A79-7F859FC52667}.Release|Any CPU.ActiveCfg = Release|Any CPU
		{D1A1DA6F-DF7B-4C02-8A79-7F859FC52667}.Release|Any CPU.Build.0 = Release|Any CPU
		{1BA2A65B-CCB1-4B47-AD38-4E9666CC051E}.Debug|Any CPU.ActiveCfg = Debug|Any CPU
		{1BA2A65B-CCB1-4B47-AD38-4E9666CC051E}.Debug|Any CPU.Build.0 = Debug|Any CPU
		{1BA2A65B-CCB1-4B47-AD38-4E9666CC051E}.Release|Any CPU.ActiveCfg = Release|Any CPU
		{1BA2A65B-CCB1-4B47-AD38-4E9666CC051E}.Release|Any CPU.Build.0 = Release|Any CPU
		{AF26A555-634D-42DB-9D18-F55573E9350B}.Debug|Any CPU.ActiveCfg = Debug|Any CPU
		{AF26A555-634D-42DB-9D18-F55573E9350B}.Debug|Any CPU.Build.0 = Debug|Any CPU
		{AF26A555-634D-42DB-9D18-F55573E9350B}.Release|Any CPU.ActiveCfg = Release|Any CPU
		{AF26A555-634D-42DB-9D18-F55573E9350B}.Release|Any CPU.Build.0 = Release|Any CPU
	EndGlobalSection
	GlobalSection(SolutionProperties) = preSolution
		HideSolutionNode = FALSE
	EndGlobalSection
	GlobalSection(ExtensibilityGlobals) = postSolution
		SolutionGuid = {758D96E3-2C61-4DA9-85FE-CFCAE9E6A4C8}
	EndGlobalSection
EndGlobal
